// !$*UTF8*$!
{
	archiveVersion = 1;
	classes = {
	};
	objectVersion = 56;
	objects = {

/* Begin PBXBuildFile section */
		ECE405AE2A35C52F004321EB /* AppDelegate.swift in Sources */ = {isa = PBXBuildFile; fileRef = ECE405AD2A35C52F004321EB /* AppDelegate.swift */; };
		ECE405B02A35C52F004321EB /* SceneDelegate.swift in Sources */ = {isa = PBXBuildFile; fileRef = ECE405AF2A35C52F004321EB /* SceneDelegate.swift */; };
		ECE405B22A35C52F004321EB /* ViewController.swift in Sources */ = {isa = PBXBuildFile; fileRef = ECE405B12A35C52F004321EB /* ViewController.swift */; };
		ECE405B52A35C52F004321EB /* Main.storyboard in Resources */ = {isa = PBXBuildFile; fileRef = ECE405B32A35C52F004321EB /* Main.storyboard */; };
		ECE405B72A35C52F004321EB /* Assets.xcassets in Resources */ = {isa = PBXBuildFile; fileRef = ECE405B62A35C52F004321EB /* Assets.xcassets */; };
		ECE405BA2A35C52F004321EB /* LaunchScreen.storyboard in Resources */ = {isa = PBXBuildFile; fileRef = ECE405B82A35C52F004321EB /* LaunchScreen.storyboard */; };
		ECE405C22A35C7FD004321EB /* CrpyoTableViewCell.swift in Sources */ = {isa = PBXBuildFile; fileRef = ECE405C12A35C7FD004321EB /* CrpyoTableViewCell.swift */; };
		ECE405CA2A35F6C7004321EB /* CryptoApp.swift in Sources */ = {isa = PBXBuildFile; fileRef = ECE405C92A35F6C7004321EB /* CryptoApp.swift */; };
		ECE405CC2A35F7C9004321EB /* WebService.swift in Sources */ = {isa = PBXBuildFile; fileRef = ECE405CB2A35F7C9004321EB /* WebService.swift */; };
		ECE405CE2A360D3E004321EB /* CryptoViewModel.swift in Sources */ = {isa = PBXBuildFile; fileRef = ECE405CD2A360D3E004321EB /* CryptoViewModel.swift */; };
/* End PBXBuildFile section */

/* Begin PBXFileReference section */
		ECE405AA2A35C52F004321EB /* Crypto App | MVVM & Api.app */ = {isa = PBXFileReference; explicitFileType = wrapper.application; includeInIndex = 0; path = "Crypto App | MVVM & Api.app"; sourceTree = BUILT_PRODUCTS_DIR; };
		ECE405AD2A35C52F004321EB /* AppDelegate.swift */ = {isa = PBXFileReference; lastKnownFileType = sourcecode.swift; path = AppDelegate.swift; sourceTree = "<group>"; };
		ECE405AF2A35C52F004321EB /* SceneDelegate.swift */ = {isa = PBXFileReference; lastKnownFileType = sourcecode.swift; path = SceneDelegate.swift; sourceTree = "<group>"; };
		ECE405B12A35C52F004321EB /* ViewController.swift */ = {isa = PBXFileReference; lastKnownFileType = sourcecode.swift; path = ViewController.swift; sourceTree = "<group>"; };
		ECE405B42A35C52F004321EB /* Base */ = {isa = PBXFileReference; lastKnownFileType = file.storyboard; name = Base; path = Base.lproj/Main.storyboard; sourceTree = "<group>"; };
		ECE405B62A35C52F004321EB /* Assets.xcassets */ = {isa = PBXFileReference; lastKnownFileType = folder.assetcatalog; path = Assets.xcassets; sourceTree = "<group>"; };
		ECE405B92A35C52F004321EB /* Base */ = {isa = PBXFileReference; lastKnownFileType = file.storyboard; name = Base; path = Base.lproj/LaunchScreen.storyboard; sourceTree = "<group>"; };
		ECE405BB2A35C52F004321EB /* Info.plist */ = {isa = PBXFileReference; lastKnownFileType = text.plist.xml; path = Info.plist; sourceTree = "<group>"; };
		ECE405C12A35C7FD004321EB /* CrpyoTableViewCell.swift */ = {isa = PBXFileReference; lastKnownFileType = sourcecode.swift; path = CrpyoTableViewCell.swift; sourceTree = "<group>"; };
		ECE405C92A35F6C7004321EB /* CryptoApp.swift */ = {isa = PBXFileReference; lastKnownFileType = sourcecode.swift; path = CryptoApp.swift; sourceTree = "<group>"; };
		ECE405CB2A35F7C9004321EB /* WebService.swift */ = {isa = PBXFileReference; lastKnownFileType = sourcecode.swift; path = WebService.swift; sourceTree = "<group>"; };
		ECE405CD2A360D3E004321EB /* CryptoViewModel.swift */ = {isa = PBXFileReference; lastKnownFileType = sourcecode.swift; path = CryptoViewModel.swift; sourceTree = "<group>"; };
/* End PBXFileReference section */

/* Begin PBXFrameworksBuildPhase section */
		ECE405A72A35C52F004321EB /* Frameworks */ = {
			isa = PBXFrameworksBuildPhase;
			buildActionMask = 2147483647;
			files = (
			);
			runOnlyForDeploymentPostprocessing = 0;
		};
/* End PBXFrameworksBuildPhase section */

/* Begin PBXGroup section */
		ECE405A12A35C52F004321EB = {
			isa = PBXGroup;
			children = (
				ECE405AC2A35C52F004321EB /* Crypto App | MVVM & Api */,
				ECE405AB2A35C52F004321EB /* Products */,
			);
			sourceTree = "<group>";
		};
		ECE405AB2A35C52F004321EB /* Products */ = {
			isa = PBXGroup;
			children = (
				ECE405AA2A35C52F004321EB /* Crypto App | MVVM & Api.app */,
			);
			name = Products;
			sourceTree = "<group>";
		};
		ECE405AC2A35C52F004321EB /* Crypto App | MVVM & Api */ = {
			isa = PBXGroup;
			children = (
				ECE405C62A35F5CA004321EB /* Service */,
				ECE405C52A35F5B1004321EB /* ViewModel */,
				ECE405C42A35F596004321EB /* Model */,
				ECE405C32A35F58E004321EB /* View */,
				ECE405B32A35C52F004321EB /* Main.storyboard */,
				ECE405B62A35C52F004321EB /* Assets.xcassets */,
				ECE405B82A35C52F004321EB /* LaunchScreen.storyboard */,
				ECE405BB2A35C52F004321EB /* Info.plist */,
			);
			path = "Crypto App | MVVM & Api";
			sourceTree = "<group>";
		};
		ECE405C32A35F58E004321EB /* View */ = {
			isa = PBXGroup;
			children = (
				ECE405AD2A35C52F004321EB /* AppDelegate.swift */,
				ECE405AF2A35C52F004321EB /* SceneDelegate.swift */,
				ECE405B12A35C52F004321EB /* ViewController.swift */,
				ECE405C12A35C7FD004321EB /* CrpyoTableViewCell.swift */,
			);
			path = View;
			sourceTree = "<group>";
		};
		ECE405C42A35F596004321EB /* Model */ = {
			isa = PBXGroup;
			children = (
				ECE405C92A35F6C7004321EB /* CryptoApp.swift */,
			);
			path = Model;
			sourceTree = "<group>";
		};
		ECE405C52A35F5B1004321EB /* ViewModel */ = {
			isa = PBXGroup;
			children = (
				ECE405CD2A360D3E004321EB /* CryptoViewModel.swift */,
			);
			path = ViewModel;
			sourceTree = "<group>";
		};
		ECE405C62A35F5CA004321EB /* Service */ = {
			isa = PBXGroup;
			children = (
				ECE405CB2A35F7C9004321EB /* WebService.swift */,
			);
			path = Service;
			sourceTree = "<group>";
		};
/* End PBXGroup section */

/* Begin PBXNativeTarget section */
		ECE405A92A35C52F004321EB /* Crypto App | MVVM & Api */ = {
			isa = PBXNativeTarget;
			buildConfigurationList = ECE405BE2A35C52F004321EB /* Build configuration list for PBXNativeTarget "Crypto App | MVVM & Api" */;
			buildPhases = (
				ECE405A62A35C52F004321EB /* Sources */,
				ECE405A72A35C52F004321EB /* Frameworks */,
				ECE405A82A35C52F004321EB /* Resources */,
			);
			buildRules = (
			);
			dependencies = (
			);
			name = "Crypto App | MVVM & Api";
			productName = "Crypto App | MVVM & Api";
			productReference = ECE405AA2A35C52F004321EB /* Crypto App | MVVM & Api.app */;
			productType = "com.apple.product-type.application";
		};
/* End PBXNativeTarget section */

/* Begin PBXProject section */
		ECE405A22A35C52F004321EB /* Project object */ = {
			isa = PBXProject;
			attributes = {
				BuildIndependentTargetsInParallel = 1;
				LastSwiftUpdateCheck = 1500;
				LastUpgradeCheck = 1500;
				TargetAttributes = {
					ECE405A92A35C52F004321EB = {
						CreatedOnToolsVersion = 15.0;
					};
				};
			};
			buildConfigurationList = ECE405A52A35C52F004321EB /* Build configuration list for PBXProject "Crypto App | MVVM & Api" */;
			compatibilityVersion = "Xcode 14.0";
			developmentRegion = en;
			hasScannedForEncodings = 0;
			knownRegions = (
				en,
				Base,
			);
			mainGroup = ECE405A12A35C52F004321EB;
			productRefGroup = ECE405AB2A35C52F004321EB /* Products */;
			projectDirPath = "";
			projectRoot = "";
			targets = (
				ECE405A92A35C52F004321EB /* Crypto App | MVVM & Api */,
			);
		};
/* End PBXProject section */

/* Begin PBXResourcesBuildPhase section */
		ECE405A82A35C52F004321EB /* Resources */ = {
			isa = PBXResourcesBuildPhase;
			buildActionMask = 2147483647;
			files = (
				ECE405BA2A35C52F004321EB /* LaunchScreen.storyboard in Resources */,
				ECE405B72A35C52F004321EB /* Assets.xcassets in Resources */,
				ECE405B52A35C52F004321EB /* Main.storyboard in Resources */,
			);
			runOnlyForDeploymentPostprocessing = 0;
		};
/* End PBXResourcesBuildPhase section */

/* Begin PBXSourcesBuildPhase section */
		ECE405A62A35C52F004321EB /* Sources */ = {
			isa = PBXSourcesBuildPhase;
			buildActionMask = 2147483647;
			files = (
				ECE405CC2A35F7C9004321EB /* WebService.swift in Sources */,
				ECE405B22A35C52F004321EB /* ViewController.swift in Sources */,
				ECE405AE2A35C52F004321EB /* AppDelegate.swift in Sources */,
				ECE405CE2A360D3E004321EB /* CryptoViewModel.swift in Sources */,
				ECE405CA2A35F6C7004321EB /* CryptoApp.swift in Sources */,
				ECE405B02A35C52F004321EB /* SceneDelegate.swift in Sources */,
				ECE405C22A35C7FD004321EB /* CrpyoTableViewCell.swift in Sources */,
			);
			runOnlyForDeploymentPostprocessing = 0;
		};
/* End PBXSourcesBuildPhase section */

/* Begin PBXVariantGroup section */
		ECE405B32A35C52F004321EB /* Main.storyboard */ = {
			isa = PBXVariantGroup;
			children = (
				ECE405B42A35C52F004321EB /* Base */,
			);
			name = Main.storyboard;
			sourceTree = "<group>";
		};
		ECE405B82A35C52F004321EB /* LaunchScreen.storyboard */ = {
			isa = PBXVariantGroup;
			children = (
				ECE405B92A35C52F004321EB /* Base */,
			);
			name = LaunchScreen.storyboard;
			sourceTree = "<group>";
		};
/* End PBXVariantGroup section */

/* Begin XCBuildConfiguration section */
		ECE405BC2A35C52F004321EB /* Debug */ = {
			isa = XCBuildConfiguration;
			buildSettings = {
				ALWAYS_SEARCH_USER_PATHS = NO;
				ASSETCATALOG_COMPILER_GENERATE_SWIFT_ASSET_SYMBOL_EXTENSIONS = YES;
				CLANG_ANALYZER_NONNULL = YES;
				CLANG_ANALYZER_NUMBER_OBJECT_CONVERSION = YES_AGGRESSIVE;
				CLANG_CXX_LANGUAGE_STANDARD = "gnu++20";
				CLANG_ENABLE_MODULES = YES;
				CLANG_ENABLE_OBJC_ARC = YES;
				CLANG_ENABLE_OBJC_WEAK = YES;
				CLANG_WARN_BLOCK_CAPTURE_AUTORELEASING = YES;
				CLANG_WARN_BOOL_CONVERSION = YES;
				CLANG_WARN_COMMA = YES;
				CLANG_WARN_CONSTANT_CONVERSION = YES;
				CLANG_WARN_DEPRECATED_OBJC_IMPLEMENTATIONS = YES;
				CLANG_WARN_DIRECT_OBJC_ISA_USAGE = YES_ERROR;
				CLANG_WARN_DOCUMENTATION_COMMENTS = YES;
				CLANG_WARN_EMPTY_BODY = YES;
				CLANG_WARN_ENUM_CONVERSION = YES;
				CLANG_WARN_INFINITE_RECURSION = YES;
				CLANG_WARN_INT_CONVERSION = YES;
				CLANG_WARN_NON_LITERAL_NULL_CONVERSION = YES;
				CLANG_WARN_OBJC_IMPLICIT_RETAIN_SELF = YES;
				CLANG_WARN_OBJC_LITERAL_CONVERSION = YES;
				CLANG_WARN_OBJC_ROOT_CLASS = YES_ERROR;
				CLANG_WARN_QUOTED_INCLUDE_IN_FRAMEWORK_HEADER = YES;
				CLANG_WARN_RANGE_LOOP_ANALYSIS = YES;
				CLANG_WARN_STRICT_PROTOTYPES = YES;
				CLANG_WARN_SUSPICIOUS_MOVE = YES;
				CLANG_WARN_UNGUARDED_AVAILABILITY = YES_AGGRESSIVE;
				CLANG_WARN_UNREACHABLE_CODE = YES;
				CLANG_WARN__DUPLICATE_METHOD_MATCH = YES;
				COPY_PHASE_STRIP = NO;
				DEBUG_INFORMATION_FORMAT = dwarf;
				ENABLE_STRICT_OBJC_MSGSEND = YES;
				ENABLE_TESTABILITY = YES;
				ENABLE_USER_SCRIPT_SANDBOXING = YES;
				GCC_C_LANGUAGE_STANDARD = gnu17;
				GCC_DYNAMIC_NO_PIC = NO;
				GCC_NO_COMMON_BLOCKS = YES;
				GCC_OPTIMIZATION_LEVEL = 0;
				GCC_PREPROCESSOR_DEFINITIONS = (
					"DEBUG=1",
					"$(inherited)",
				);
				GCC_WARN_64_TO_32_BIT_CONVERSION = YES;
				GCC_WARN_ABOUT_RETURN_TYPE = YES_ERROR;
				GCC_WARN_UNDECLARED_SELECTOR = YES;
				GCC_WARN_UNINITIALIZED_AUTOS = YES_AGGRESSIVE;
				GCC_WARN_UNUSED_FUNCTION = YES;
				GCC_WARN_UNUSED_VARIABLE = YES;
				IPHONEOS_DEPLOYMENT_TARGET = 17.0;
				LOCALIZATION_PREFERS_STRING_CATALOGS = YES;
				MTL_ENABLE_DEBUG_INFO = INCLUDE_SOURCE;
				MTL_FAST_MATH = YES;
				ONLY_ACTIVE_ARCH = YES;
				SDKROOT = iphoneos;
				SWIFT_ACTIVE_COMPILATION_CONDITIONS = "DEBUG $(inherited)";
				SWIFT_OPTIMIZATION_LEVEL = "-Onone";
			};
			name = Debug;
		};
		ECE405BD2A35C52F004321EB /* Release */ = {
			isa = XCBuildConfiguration;
			buildSettings = {
				ALWAYS_SEARCH_USER_PATHS = NO;
				ASSETCATALOG_COMPILER_GENERATE_SWIFT_ASSET_SYMBOL_EXTENSIONS = YES;
				CLANG_ANALYZER_NONNULL = YES;
				CLANG_ANALYZER_NUMBER_OBJECT_CONVERSION = YES_AGGRESSIVE;
				CLANG_CXX_LANGUAGE_STANDARD = "gnu++20";
				CLANG_ENABLE_MODULES = YES;
				CLANG_ENABLE_OBJC_ARC = YES;
				CLANG_ENABLE_OBJC_WEAK = YES;
				CLANG_WARN_BLOCK_CAPTURE_AUTORELEASING = YES;
				CLANG_WARN_BOOL_CONVERSION = YES;
				CLANG_WARN_COMMA = YES;
				CLANG_WARN_CONSTANT_CONVERSION = YES;
				CLANG_WARN_DEPRECATED_OBJC_IMPLEMENTATIONS = YES;
				CLANG_WARN_DIRECT_OBJC_ISA_USAGE = YES_ERROR;
				CLANG_WARN_DOCUMENTATION_COMMENTS = YES;
				CLANG_WARN_EMPTY_BODY = YES;
				CLANG_WARN_ENUM_CONVERSION = YES;
				CLANG_WARN_INFINITE_RECURSION = YES;
				CLANG_WARN_INT_CONVERSION = YES;
				CLANG_WARN_NON_LITERAL_NULL_CONVERSION = YES;
				CLANG_WARN_OBJC_IMPLICIT_RETAIN_SELF = YES;
				CLANG_WARN_OBJC_LITERAL_CONVERSION = YES;
				CLANG_WARN_OBJC_ROOT_CLASS = YES_ERROR;
				CLANG_WARN_QUOTED_INCLUDE_IN_FRAMEWORK_HEADER = YES;
				CLANG_WARN_RANGE_LOOP_ANALYSIS = YES;
				CLANG_WARN_STRICT_PROTOTYPES = YES;
				CLANG_WARN_SUSPICIOUS_MOVE = YES;
				CLANG_WARN_UNGUARDED_AVAILABILITY = YES_AGGRESSIVE;
				CLANG_WARN_UNREACHABLE_CODE = YES;
				CLANG_WARN__DUPLICATE_METHOD_MATCH = YES;
				COPY_PHASE_STRIP = NO;
				DEBUG_INFORMATION_FORMAT = "dwarf-with-dsym";
				ENABLE_NS_ASSERTIONS = NO;
				ENABLE_STRICT_OBJC_MSGSEND = YES;
				ENABLE_USER_SCRIPT_SANDBOXING = YES;
				GCC_C_LANGUAGE_STANDARD = gnu17;
				GCC_NO_COMMON_BLOCKS = YES;
				GCC_WARN_64_TO_32_BIT_CONVERSION = YES;
				GCC_WARN_ABOUT_RETURN_TYPE = YES_ERROR;
				GCC_WARN_UNDECLARED_SELECTOR = YES;
				GCC_WARN_UNINITIALIZED_AUTOS = YES_AGGRESSIVE;
				GCC_WARN_UNUSED_FUNCTION = YES;
				GCC_WARN_UNUSED_VARIABLE = YES;
				IPHONEOS_DEPLOYMENT_TARGET = 17.0;
				LOCALIZATION_PREFERS_STRING_CATALOGS = YES;
				MTL_ENABLE_DEBUG_INFO = NO;
				MTL_FAST_MATH = YES;
				SDKROOT = iphoneos;
				SWIFT_COMPILATION_MODE = wholemodule;
				VALIDATE_PRODUCT = YES;
			};
			name = Release;
		};
		ECE405BF2A35C52F004321EB /* Debug */ = {
			isa = XCBuildConfiguration;
			buildSettings = {
				ASSETCATALOG_COMPILER_APPICON_NAME = AppIcon;
				ASSETCATALOG_COMPILER_GLOBAL_ACCENT_COLOR_NAME = AccentColor;
				CODE_SIGN_STYLE = Automatic;
				CURRENT_PROJECT_VERSION = 1;
				DEVELOPMENT_TEAM = 2QAS44S4GM;
				GENERATE_INFOPLIST_FILE = YES;
				INFOPLIST_FILE = "Crypto App | MVVM & Api/Info.plist";
				INFOPLIST_KEY_UIApplicationSupportsIndirectInputEvents = YES;
				INFOPLIST_KEY_UILaunchStoryboardName = LaunchScreen;
				INFOPLIST_KEY_UIMainStoryboardFile = Main;
				INFOPLIST_KEY_UISupportedInterfaceOrientations_iPad = "UIInterfaceOrientationPortrait UIInterfaceOrientationPortraitUpsideDown UIInterfaceOrientationLandscapeLeft UIInterfaceOrientationLandscapeRight";
				INFOPLIST_KEY_UISupportedInterfaceOrientations_iPhone = "UIInterfaceOrientationPortrait UIInterfaceOrientationLandscapeLeft UIInterfaceOrientationLandscapeRight";
				LD_RUNPATH_SEARCH_PATHS = (
					"$(inherited)",
					"@executable_path/Frameworks",
				);
				MARKETING_VERSION = 1.0;
				PRODUCT_BUNDLE_IDENTIFIER = "com.serhatsimsek.Crypto-App---MVVM---Api";
				PRODUCT_NAME = "$(TARGET_NAME)";
				SWIFT_EMIT_LOC_STRINGS = YES;
				SWIFT_VERSION = 5.0;
				TARGETED_DEVICE_FAMILY = "1,2";
			};
			name = Debug;
		};
		ECE405C02A35C52F004321EB /* Release */ = {
			isa = XCBuildConfiguration;
			buildSettings = {
				ASSETCATALOG_COMPILER_APPICON_NAME = AppIcon;
				ASSETCATALOG_COMPILER_GLOBAL_ACCENT_COLOR_NAME = AccentColor;
				CODE_SIGN_STYLE = Automatic;
				CURRENT_PROJECT_VERSION = 1;
				DEVELOPMENT_TEAM = 2QAS44S4GM;
				GENERATE_INFOPLIST_FILE = YES;
				INFOPLIST_FILE = "Crypto App | MVVM & Api/Info.plist";
				INFOPLIST_KEY_UIApplicationSupportsIndirectInputEvents = YES;
				INFOPLIST_KEY_UILaunchStoryboardName = LaunchScreen;
				INFOPLIST_KEY_UIMainStoryboardFile = Main;
				INFOPLIST_KEY_UISupportedInterfaceOrientations_iPad = "UIInterfaceOrientationPortrait UIInterfaceOrientationPortraitUpsideDown UIInterfaceOrientationLandscapeLeft UIInterfaceOrientationLandscapeRight";
				INFOPLIST_KEY_UISupportedInterfaceOrientations_iPhone = "UIInterfaceOrientationPortrait UIInterfaceOrientationLandscapeLeft UIInterfaceOrientationLandscapeRight";
				LD_RUNPATH_SEARCH_PATHS = (
					"$(inherited)",
					"@executable_path/Frameworks",
				);
				MARKETING_VERSION = 1.0;
				PRODUCT_BUNDLE_IDENTIFIER = "com.serhatsimsek.Crypto-App---MVVM---Api";
				PRODUCT_NAME = "$(TARGET_NAME)";
				SWIFT_EMIT_LOC_STRINGS = YES;
				SWIFT_VERSION = 5.0;
				TARGETED_DEVICE_FAMILY = "1,2";
			};
			name = Release;
		};
/* End XCBuildConfiguration section */

/* Begin XCConfigurationList section */
		ECE405A52A35C52F004321EB /* Build configuration list for PBXProject "Crypto App | MVVM & Api" */ = {
			isa = XCConfigurationList;
			buildConfigurations = (
				ECE405BC2A35C52F004321EB /* Debug */,
				ECE405BD2A35C52F004321EB /* Release */,
			);
			defaultConfigurationIsVisible = 0;
			defaultConfigurationName = Release;
		};
		ECE405BE2A35C52F004321EB /* Build configuration list for PBXNativeTarget "Crypto App | MVVM & Api" */ = {
			isa = XCConfigurationList;
			buildConfigurations = (
				ECE405BF2A35C52F004321EB /* Debug */,
				ECE405C02A35C52F004321EB /* Release */,
			);
			defaultConfigurationIsVisible = 0;
			defaultConfigurationName = Release;
		};
/* End XCConfigurationList section */
	};
	rootObject = ECE405A22A35C52F004321EB /* Project object */;
}
